
Microsoft Visual Studio Solution File, Format Version 12.00
# Visual Studio 15
VisualStudioVersion = 15.0.27004.2009
MinimumVisualStudioVersion = 10.0.40219.1
Project("{FAE04EC0-301F-11D3-BF4B-00C04F79EFBC}") = "MVCApplicationWithIndAuth", "MVCApplicationWithIndAuth\MVCApplicationWithIndAuth.csproj", "{0ECB7E28-929E-413A-84C6-6E804F8EAEDF}"
EndProject
Project("{FAE04EC0-301F-11D3-BF4B-00C04F79EFBC}") = "MVCApplicationWithIndAuth.Tests", "MVCApplicationWithIndAuth.Tests\MVCApplicationWithIndAuth.Tests.csproj", "{D487A387-5E41-47A3-9B97-6C9BE3CAB926}"
EndProject
Global
	GlobalSection(SolutionConfigurationPlatforms) = preSolution
		Debug|Any CPU = Debug|Any CPU
		Release|Any CPU = Release|Any CPU
	EndGlobalSection
	GlobalSection(ProjectConfigurationPlatforms) = postSolution
		{0ECB7E28-929E-413A-84C6-6E804F8EAEDF}.Debug|Any CPU.ActiveCfg = Debug|Any CPU
		{0ECB7E28-929E-413A-84C6-6E804F8EAEDF}.Debug|Any CPU.Build.0 = Debug|Any CPU
		{0ECB7E28-929E-413A-84C6-6E804F8EAEDF}.Release|Any CPU.ActiveCfg = Release|Any CPU
		{0ECB7E28-929E-413A-84C6-6E804F8EAEDF}.Release|Any CPU.Build.0 = Release|Any CPU
		{D487A387-5E41-47A3-9B97-6C9BE3CAB926}.Debug|Any CPU.ActiveCfg = Debug|Any CPU
		{D487A387-5E41-47A3-9B97-6C9BE3CAB926}.Debug|Any CPU.Build.0 = Debug|Any CPU
		{D487A387-5E41-47A3-9B97-6C9BE3CAB926}.Release|Any CPU.ActiveCfg = Release|Any CPU
		{D487A387-5E41-47A3-9B97-6C9BE3CAB926}.Release|Any CPU.Build.0 = Release|Any CPU
	EndGlobalSection
	GlobalSection(SolutionProperties) = preSolution
		HideSolutionNode = FALSE
	EndGlobalSection
	GlobalSection(ExtensibilityGlobals) = postSolution
		SolutionGuid = {CB4E686E-5453-4888-B17F-9975A4B12541}
	EndGlobalSection
EndGlobal
