
Microsoft Visual Studio Solution File, Format Version 12.00
# Visual Studio 15
VisualStudioVersion = 15.0.26430.12
MinimumVisualStudioVersion = 10.0.40219.1
Project("{FAE04EC0-301F-11D3-BF4B-00C04F79EFBC}") = "WebApplicationAddExisitingProjectToRepo", "WebApplicationAddExisitingProjectToRepo\WebApplicationAddExisitingProjectToRepo.csproj", "{A08D315F-00D2-4CE9-9E4C-0B6271B06D98}"
EndProject
Project("{FAE04EC0-301F-11D3-BF4B-00C04F79EFBC}") = "WebApplicationAddExisitingProjectToRepo.Tests", "WebApplicationAddExisitingProjectToRepo.Tests\WebApplicationAddExisitingProjectToRepo.Tests.csproj", "{A5072825-23C8-413E-8E1D-233F33C5C928}"
EndProject
Global
	GlobalSection(SolutionConfigurationPlatforms) = preSolution
		Debug|Any CPU = Debug|Any CPU
		Release|Any CPU = Release|Any CPU
	EndGlobalSection
	GlobalSection(ProjectConfigurationPlatforms) = postSolution
		{A08D315F-00D2-4CE9-9E4C-0B6271B06D98}.Debug|Any CPU.ActiveCfg = Debug|Any CPU
		{A08D315F-00D2-4CE9-9E4C-0B6271B06D98}.Debug|Any CPU.Build.0 = Debug|Any CPU
		{A08D315F-00D2-4CE9-9E4C-0B6271B06D98}.Release|Any CPU.ActiveCfg = Release|Any CPU
		{A08D315F-00D2-4CE9-9E4C-0B6271B06D98}.Release|Any CPU.Build.0 = Release|Any CPU
		{A5072825-23C8-413E-8E1D-233F33C5C928}.Debug|Any CPU.ActiveCfg = Debug|Any CPU
		{A5072825-23C8-413E-8E1D-233F33C5C928}.Debug|Any CPU.Build.0 = Debug|Any CPU
		{A5072825-23C8-413E-8E1D-233F33C5C928}.Release|Any CPU.ActiveCfg = Release|Any CPU
		{A5072825-23C8-413E-8E1D-233F33C5C928}.Release|Any CPU.Build.0 = Release|Any CPU
	EndGlobalSection
	GlobalSection(SolutionProperties) = preSolution
		HideSolutionNode = FALSE
	EndGlobalSection
EndGlobal
